// !$*UTF8*$!
{
	archiveVersion = 1;
	classes = {
	};
	objectVersion = 46;
	objects = {

/* Begin PBXBuildFile section */
		4B3123471DF5BD5000F34FC2 /* AppDelegate.swift in Sources */ = {isa = PBXBuildFile; fileRef = 4B3123461DF5BD5000F34FC2 /* AppDelegate.swift */; };
		4B3123491DF5BD5000F34FC2 /* MasterViewController.swift in Sources */ = {isa = PBXBuildFile; fileRef = 4B3123481DF5BD5000F34FC2 /* MasterViewController.swift */; };
		4B31234B1DF5BD5000F34FC2 /* DetailViewController.swift in Sources */ = {isa = PBXBuildFile; fileRef = 4B31234A1DF5BD5000F34FC2 /* DetailViewController.swift */; };
		4B31234E1DF5BD5100F34FC2 /* Main.storyboard in Resources */ = {isa = PBXBuildFile; fileRef = 4B31234C1DF5BD5100F34FC2 /* Main.storyboard */; };
		4B3123501DF5BD5100F34FC2 /* Assets.xcassets in Resources */ = {isa = PBXBuildFile; fileRef = 4B31234F1DF5BD5100F34FC2 /* Assets.xcassets */; };
		4B3123531DF5BD5100F34FC2 /* LaunchScreen.storyboard in Resources */ = {isa = PBXBuildFile; fileRef = 4B3123511DF5BD5100F34FC2 /* LaunchScreen.storyboard */; };
		4B31235B1DF5C0C800F34FC2 /* GitHubAPIManager.swift in Sources */ = {isa = PBXBuildFile; fileRef = 4B31235A1DF5C0C800F34FC2 /* GitHubAPIManager.swift */; };
		4B31235D1DF5C13200F34FC2 /* GistRouter.swift in Sources */ = {isa = PBXBuildFile; fileRef = 4B31235C1DF5C13200F34FC2 /* GistRouter.swift */; };
		4B31235F1DF5C2B700F34FC2 /* Gist.swift in Sources */ = {isa = PBXBuildFile; fileRef = 4B31235E1DF5C2B700F34FC2 /* Gist.swift */; };
		6A9F54491DF65B8A0045C814 /* GitHubAPIManagerError.swift in Sources */ = {isa = PBXBuildFile; fileRef = 6A9F54481DF65B8A0045C814 /* GitHubAPIManagerError.swift */; };
		DA5D6EC26EAF2BDE4E9ADB82 /* Pods_Gist.framework in Frameworks */ = {isa = PBXBuildFile; fileRef = 833755D50A3EBE5DCEE711F6 /* Pods_Gist.framework */; };
/* End PBXBuildFile section */

/* Begin PBXFileReference section */
		4B3123431DF5BD5000F34FC2 /* Gist.app */ = {isa = PBXFileReference; explicitFileType = wrapper.application; includeInIndex = 0; path = Gist.app; sourceTree = BUILT_PRODUCTS_DIR; };
		4B3123461DF5BD5000F34FC2 /* AppDelegate.swift */ = {isa = PBXFileReference; lastKnownFileType = sourcecode.swift; path = AppDelegate.swift; sourceTree = "<group>"; };
		4B3123481DF5BD5000F34FC2 /* MasterViewController.swift */ = {isa = PBXFileReference; lastKnownFileType = sourcecode.swift; path = MasterViewController.swift; sourceTree = "<group>"; };
		4B31234A1DF5BD5000F34FC2 /* DetailViewController.swift */ = {isa = PBXFileReference; lastKnownFileType = sourcecode.swift; path = DetailViewController.swift; sourceTree = "<group>"; };
		4B31234D1DF5BD5100F34FC2 /* Base */ = {isa = PBXFileReference; lastKnownFileType = file.storyboard; name = Base; path = Base.lproj/Main.storyboard; sourceTree = "<group>"; };
		4B31234F1DF5BD5100F34FC2 /* Assets.xcassets */ = {isa = PBXFileReference; lastKnownFileType = folder.assetcatalog; path = Assets.xcassets; sourceTree = "<group>"; };
		4B3123521DF5BD5100F34FC2 /* Base */ = {isa = PBXFileReference; lastKnownFileType = file.storyboard; name = Base; path = Base.lproj/LaunchScreen.storyboard; sourceTree = "<group>"; };
		4B3123541DF5BD5100F34FC2 /* Info.plist */ = {isa = PBXFileReference; lastKnownFileType = text.plist.xml; path = Info.plist; sourceTree = "<group>"; };
		4B31235A1DF5C0C800F34FC2 /* GitHubAPIManager.swift */ = {isa = PBXFileReference; fileEncoding = 4; lastKnownFileType = sourcecode.swift; path = GitHubAPIManager.swift; sourceTree = "<group>"; };
		4B31235C1DF5C13200F34FC2 /* GistRouter.swift */ = {isa = PBXFileReference; fileEncoding = 4; lastKnownFileType = sourcecode.swift; path = GistRouter.swift; sourceTree = "<group>"; };
		4B31235E1DF5C2B700F34FC2 /* Gist.swift */ = {isa = PBXFileReference; fileEncoding = 4; lastKnownFileType = sourcecode.swift; path = Gist.swift; sourceTree = "<group>"; };
		6A9F54481DF65B8A0045C814 /* GitHubAPIManagerError.swift */ = {isa = PBXFileReference; fileEncoding = 4; lastKnownFileType = sourcecode.swift; path = GitHubAPIManagerError.swift; sourceTree = "<group>"; };
		833755D50A3EBE5DCEE711F6 /* Pods_Gist.framework */ = {isa = PBXFileReference; explicitFileType = wrapper.framework; includeInIndex = 0; path = Pods_Gist.framework; sourceTree = BUILT_PRODUCTS_DIR; };
		B653BA64026A1A0173B8FED3 /* Pods-Gist.debug.xcconfig */ = {isa = PBXFileReference; includeInIndex = 1; lastKnownFileType = text.xcconfig; name = "Pods-Gist.debug.xcconfig"; path = "Pods/Target Support Files/Pods-Gist/Pods-Gist.debug.xcconfig"; sourceTree = "<group>"; };
		FE0A48BC4EC868A6975D8557 /* Pods-Gist.release.xcconfig */ = {isa = PBXFileReference; includeInIndex = 1; lastKnownFileType = text.xcconfig; name = "Pods-Gist.release.xcconfig"; path = "Pods/Target Support Files/Pods-Gist/Pods-Gist.release.xcconfig"; sourceTree = "<group>"; };
/* End PBXFileReference section */

/* Begin PBXFrameworksBuildPhase section */
		4B3123401DF5BD5000F34FC2 /* Frameworks */ = {
			isa = PBXFrameworksBuildPhase;
			buildActionMask = 2147483647;
			files = (
				DA5D6EC26EAF2BDE4E9ADB82 /* Pods_Gist.framework in Frameworks */,
			);
			runOnlyForDeploymentPostprocessing = 0;
		};
/* End PBXFrameworksBuildPhase section */

/* Begin PBXGroup section */
		184CA5E3F70DC8D643482D98 /* Frameworks */ = {
			isa = PBXGroup;
			children = (
				833755D50A3EBE5DCEE711F6 /* Pods_Gist.framework */,
			);
			name = Frameworks;
			sourceTree = "<group>";
		};
		4B31233A1DF5BD5000F34FC2 = {
			isa = PBXGroup;
			children = (
				4B3123451DF5BD5000F34FC2 /* Gist */,
				4B3123441DF5BD5000F34FC2 /* Products */,
				BCFE3BC3AB70FB6D4192720D /* Pods */,
				184CA5E3F70DC8D643482D98 /* Frameworks */,
			);
			sourceTree = "<group>";
		};
		4B3123441DF5BD5000F34FC2 /* Products */ = {
			isa = PBXGroup;
			children = (
				4B3123431DF5BD5000F34FC2 /* Gist.app */,
			);
			name = Products;
			sourceTree = "<group>";
		};
		4B3123451DF5BD5000F34FC2 /* Gist */ = {
			isa = PBXGroup;
			children = (
				4B3123461DF5BD5000F34FC2 /* AppDelegate.swift */,
				4B3123481DF5BD5000F34FC2 /* MasterViewController.swift */,
				4B31234A1DF5BD5000F34FC2 /* DetailViewController.swift */,
				4B31234C1DF5BD5100F34FC2 /* Main.storyboard */,
				4B31234F1DF5BD5100F34FC2 /* Assets.xcassets */,
				4B3123511DF5BD5100F34FC2 /* LaunchScreen.storyboard */,
				4B3123541DF5BD5100F34FC2 /* Info.plist */,
				4B31235A1DF5C0C800F34FC2 /* GitHubAPIManager.swift */,
				4B31235C1DF5C13200F34FC2 /* GistRouter.swift */,
				4B31235E1DF5C2B700F34FC2 /* Gist.swift */,
				6A9F54481DF65B8A0045C814 /* GitHubAPIManagerError.swift */,
			);
			path = Gist;
			sourceTree = "<group>";
		};
		BCFE3BC3AB70FB6D4192720D /* Pods */ = {
			isa = PBXGroup;
			children = (
				B653BA64026A1A0173B8FED3 /* Pods-Gist.debug.xcconfig */,
				FE0A48BC4EC868A6975D8557 /* Pods-Gist.release.xcconfig */,
			);
			name = Pods;
			sourceTree = "<group>";
		};
/* End PBXGroup section */

/* Begin PBXNativeTarget section */
		4B3123421DF5BD5000F34FC2 /* Gist */ = {
			isa = PBXNativeTarget;
			buildConfigurationList = 4B3123571DF5BD5100F34FC2 /* Build configuration list for PBXNativeTarget "Gist" */;
			buildPhases = (
				0A2D4D82A40B1AB0E659F576 /* [CP] Check Pods Manifest.lock */,
				4B31233F1DF5BD5000F34FC2 /* Sources */,
				4B3123401DF5BD5000F34FC2 /* Frameworks */,
				4B3123411DF5BD5000F34FC2 /* Resources */,
				FE604528387BA8A8C9C1CD55 /* [CP] Embed Pods Frameworks */,
				4E43D9605AB55655F5F7FF2E /* [CP] Copy Pods Resources */,
			);
			buildRules = (
			);
			dependencies = (
			);
			name = Gist;
			productName = Gist;
			productReference = 4B3123431DF5BD5000F34FC2 /* Gist.app */;
			productType = "com.apple.product-type.application";
		};
/* End PBXNativeTarget section */

/* Begin PBXProject section */
		4B31233B1DF5BD5000F34FC2 /* Project object */ = {
			isa = PBXProject;
			attributes = {
				LastSwiftUpdateCheck = 0810;
				LastUpgradeCheck = 0810;
				ORGANIZATIONNAME = MakingDevs;
				TargetAttributes = {
					4B3123421DF5BD5000F34FC2 = {
						CreatedOnToolsVersion = 8.1;
						ProvisioningStyle = Automatic;
					};
				};
			};
			buildConfigurationList = 4B31233E1DF5BD5000F34FC2 /* Build configuration list for PBXProject "Gist" */;
			compatibilityVersion = "Xcode 3.2";
			developmentRegion = English;
			hasScannedForEncodings = 0;
			knownRegions = (
				en,
				Base,
			);
			mainGroup = 4B31233A1DF5BD5000F34FC2;
			productRefGroup = 4B3123441DF5BD5000F34FC2 /* Products */;
			projectDirPath = "";
			projectRoot = "";
			targets = (
				4B3123421DF5BD5000F34FC2 /* Gist */,
			);
		};
/* End PBXProject section */

/* Begin PBXResourcesBuildPhase section */
		4B3123411DF5BD5000F34FC2 /* Resources */ = {
			isa = PBXResourcesBuildPhase;
			buildActionMask = 2147483647;
			files = (
				4B3123531DF5BD5100F34FC2 /* LaunchScreen.storyboard in Resources */,
				4B3123501DF5BD5100F34FC2 /* Assets.xcassets in Resources */,
				4B31234E1DF5BD5100F34FC2 /* Main.storyboard in Resources */,
			);
			runOnlyForDeploymentPostprocessing = 0;
		};
/* End PBXResourcesBuildPhase section */

/* Begin PBXShellScriptBuildPhase section */
		0A2D4D82A40B1AB0E659F576 /* [CP] Check Pods Manifest.lock */ = {
			isa = PBXShellScriptBuildPhase;
			buildActionMask = 2147483647;
			files = (
			);
			inputPaths = (
			);
			name = "[CP] Check Pods Manifest.lock";
			outputPaths = (
			);
			runOnlyForDeploymentPostprocessing = 0;
			shellPath = /bin/sh;
			shellScript = "diff \"${PODS_ROOT}/../Podfile.lock\" \"${PODS_ROOT}/Manifest.lock\" > /dev/null\nif [ $? != 0 ] ; then\n    # print error to STDERR\n    echo \"error: The sandbox is not in sync with the Podfile.lock. Run 'pod install' or update your CocoaPods installation.\" >&2\n    exit 1\nfi\n";
			showEnvVarsInLog = 0;
		};
		4E43D9605AB55655F5F7FF2E /* [CP] Copy Pods Resources */ = {
			isa = PBXShellScriptBuildPhase;
			buildActionMask = 2147483647;
			files = (
			);
			inputPaths = (
			);
			name = "[CP] Copy Pods Resources";
			outputPaths = (
			);
			runOnlyForDeploymentPostprocessing = 0;
			shellPath = /bin/sh;
			shellScript = "\"${SRCROOT}/Pods/Target Support Files/Pods-Gist/Pods-Gist-resources.sh\"\n";
			showEnvVarsInLog = 0;
		};
		FE604528387BA8A8C9C1CD55 /* [CP] Embed Pods Frameworks */ = {
			isa = PBXShellScriptBuildPhase;
			buildActionMask = 2147483647;
			files = (
			);
			inputPaths = (
			);
			name = "[CP] Embed Pods Frameworks";
			outputPaths = (
			);
			runOnlyForDeploymentPostprocessing = 0;
			shellPath = /bin/sh;
			shellScript = "\"${SRCROOT}/Pods/Target Support Files/Pods-Gist/Pods-Gist-frameworks.sh\"\n";
			showEnvVarsInLog = 0;
		};
/* End PBXShellScriptBuildPhase section */

/* Begin PBXSourcesBuildPhase section */
		4B31233F1DF5BD5000F34FC2 /* Sources */ = {
			isa = PBXSourcesBuildPhase;
			buildActionMask = 2147483647;
			files = (
				4B31234B1DF5BD5000F34FC2 /* DetailViewController.swift in Sources */,
				4B31235B1DF5C0C800F34FC2 /* GitHubAPIManager.swift in Sources */,
				6A9F54491DF65B8A0045C814 /* GitHubAPIManagerError.swift in Sources */,
				4B31235F1DF5C2B700F34FC2 /* Gist.swift in Sources */,
				4B3123491DF5BD5000F34FC2 /* MasterViewController.swift in Sources */,
				4B31235D1DF5C13200F34FC2 /* GistRouter.swift in Sources */,
				4B3123471DF5BD5000F34FC2 /* AppDelegate.swift in Sources */,
			);
			runOnlyForDeploymentPostprocessing = 0;
		};
/* End PBXSourcesBuildPhase section */

/* Begin PBXVariantGroup section */
		4B31234C1DF5BD5100F34FC2 /* Main.storyboard */ = {
			isa = PBXVariantGroup;
			children = (
				4B31234D1DF5BD5100F34FC2 /* Base */,
			);
			name = Main.storyboard;
			sourceTree = "<group>";
		};
		4B3123511DF5BD5100F34FC2 /* LaunchScreen.storyboard */ = {
			isa = PBXVariantGroup;
			children = (
				4B3123521DF5BD5100F34FC2 /* Base */,
			);
			name = LaunchScreen.storyboard;
			sourceTree = "<group>";
		};
/* End PBXVariantGroup section */

/* Begin XCBuildConfiguration section */
		4B3123551DF5BD5100F34FC2 /* Debug */ = {
			isa = XCBuildConfiguration;
			buildSettings = {
				ALWAYS_SEARCH_USER_PATHS = NO;
				CLANG_ANALYZER_NONNULL = YES;
				CLANG_CXX_LANGUAGE_STANDARD = "gnu++0x";
				CLANG_CXX_LIBRARY = "libc++";
				CLANG_ENABLE_MODULES = YES;
				CLANG_ENABLE_OBJC_ARC = YES;
				CLANG_WARN_BOOL_CONVERSION = YES;
				CLANG_WARN_CONSTANT_CONVERSION = YES;
				CLANG_WARN_DIRECT_OBJC_ISA_USAGE = YES_ERROR;
				CLANG_WARN_DOCUMENTATION_COMMENTS = YES;
				CLANG_WARN_EMPTY_BODY = YES;
				CLANG_WARN_ENUM_CONVERSION = YES;
				CLANG_WARN_INFINITE_RECURSION = YES;
				CLANG_WARN_INT_CONVERSION = YES;
				CLANG_WARN_OBJC_ROOT_CLASS = YES_ERROR;
				CLANG_WARN_SUSPICIOUS_MOVES = YES;
				CLANG_WARN_UNREACHABLE_CODE = YES;
				CLANG_WARN__DUPLICATE_METHOD_MATCH = YES;
				"CODE_SIGN_IDENTITY[sdk=iphoneos*]" = "iPhone Developer";
				COPY_PHASE_STRIP = NO;
				DEBUG_INFORMATION_FORMAT = dwarf;
				ENABLE_STRICT_OBJC_MSGSEND = YES;
				ENABLE_TESTABILITY = YES;
				GCC_C_LANGUAGE_STANDARD = gnu99;
				GCC_DYNAMIC_NO_PIC = NO;
				GCC_NO_COMMON_BLOCKS = YES;
				GCC_OPTIMIZATION_LEVEL = 0;
				GCC_PREPROCESSOR_DEFINITIONS = (
					"DEBUG=1",
					"$(inherited)",
				);
				GCC_WARN_64_TO_32_BIT_CONVERSION = YES;
				GCC_WARN_ABOUT_RETURN_TYPE = YES_ERROR;
				GCC_WARN_UNDECLARED_SELECTOR = YES;
				GCC_WARN_UNINITIALIZED_AUTOS = YES_AGGRESSIVE;
				GCC_WARN_UNUSED_FUNCTION = YES;
				GCC_WARN_UNUSED_VARIABLE = YES;
				IPHONEOS_DEPLOYMENT_TARGET = 10.1;
				MTL_ENABLE_DEBUG_INFO = YES;
				ONLY_ACTIVE_ARCH = YES;
				SDKROOT = iphoneos;
				SWIFT_ACTIVE_COMPILATION_CONDITIONS = DEBUG;
				SWIFT_OPTIMIZATION_LEVEL = "-Onone";
				TARGETED_DEVICE_FAMILY = "1,2";
			};
			name = Debug;
		};
		4B3123561DF5BD5100F34FC2 /* Release */ = {
			isa = XCBuildConfiguration;
			buildSettings = {
				ALWAYS_SEARCH_USER_PATHS = NO;
				CLANG_ANALYZER_NONNULL = YES;
				CLANG_CXX_LANGUAGE_STANDARD = "gnu++0x";
				CLANG_CXX_LIBRARY = "libc++";
				CLANG_ENABLE_MODULES = YES;
				CLANG_ENABLE_OBJC_ARC = YES;
				CLANG_WARN_BOOL_CONVERSION = YES;
				CLANG_WARN_CONSTANT_CONVERSION = YES;
				CLANG_WARN_DIRECT_OBJC_ISA_USAGE = YES_ERROR;
				CLANG_WARN_DOCUMENTATION_COMMENTS = YES;
				CLANG_WARN_EMPTY_BODY = YES;
				CLANG_WARN_ENUM_CONVERSION = YES;
				CLANG_WARN_INFINITE_RECURSION = YES;
				CLANG_WARN_INT_CONVERSION = YES;
				CLANG_WARN_OBJC_ROOT_CLASS = YES_ERROR;
				CLANG_WARN_SUSPICIOUS_MOVES = YES;
				CLANG_WARN_UNREACHABLE_CODE = YES;
				CLANG_WARN__DUPLICATE_METHOD_MATCH = YES;
				"CODE_SIGN_IDENTITY[sdk=iphoneos*]" = "iPhone Developer";
				COPY_PHASE_STRIP = NO;
				DEBUG_INFORMATION_FORMAT = "dwarf-with-dsym";
				ENABLE_NS_ASSERTIONS = NO;
				ENABLE_STRICT_OBJC_MSGSEND = YES;
				GCC_C_LANGUAGE_STANDARD = gnu99;
				GCC_NO_COMMON_BLOCKS = YES;
				GCC_WARN_64_TO_32_BIT_CONVERSION = YES;
				GCC_WARN_ABOUT_RETURN_TYPE = YES_ERROR;
				GCC_WARN_UNDECLARED_SELECTOR = YES;
				GCC_WARN_UNINITIALIZED_AUTOS = YES_AGGRESSIVE;
				GCC_WARN_UNUSED_FUNCTION = YES;
				GCC_WARN_UNUSED_VARIABLE = YES;
				IPHONEOS_DEPLOYMENT_TARGET = 10.1;
				MTL_ENABLE_DEBUG_INFO = NO;
				SDKROOT = iphoneos;
				SWIFT_OPTIMIZATION_LEVEL = "-Owholemodule";
				TARGETED_DEVICE_FAMILY = "1,2";
				VALIDATE_PRODUCT = YES;
			};
			name = Release;
		};
		4B3123581DF5BD5100F34FC2 /* Debug */ = {
			isa = XCBuildConfiguration;
			baseConfigurationReference = B653BA64026A1A0173B8FED3 /* Pods-Gist.debug.xcconfig */;
			buildSettings = {
				ASSETCATALOG_COMPILER_APPICON_NAME = AppIcon;
				INFOPLIST_FILE = Gist/Info.plist;
				LD_RUNPATH_SEARCH_PATHS = "$(inherited) @executable_path/Frameworks";
				PRODUCT_BUNDLE_IDENTIFIER = com.makingdevs.Gist;
				PRODUCT_NAME = "$(TARGET_NAME)";
				SWIFT_VERSION = 3.0;
			};
			name = Debug;
		};
		4B3123591DF5BD5100F34FC2 /* Release */ = {
			isa = XCBuildConfiguration;
			baseConfigurationReference = FE0A48BC4EC868A6975D8557 /* Pods-Gist.release.xcconfig */;
			buildSettings = {
				ASSETCATALOG_COMPILER_APPICON_NAME = AppIcon;
				INFOPLIST_FILE = Gist/Info.plist;
				LD_RUNPATH_SEARCH_PATHS = "$(inherited) @executable_path/Frameworks";
				PRODUCT_BUNDLE_IDENTIFIER = com.makingdevs.Gist;
				PRODUCT_NAME = "$(TARGET_NAME)";
				SWIFT_VERSION = 3.0;
			};
			name = Release;
		};
/* End XCBuildConfiguration section */

/* Begin XCConfigurationList section */
		4B31233E1DF5BD5000F34FC2 /* Build configuration list for PBXProject "Gist" */ = {
			isa = XCConfigurationList;
			buildConfigurations = (
				4B3123551DF5BD5100F34FC2 /* Debug */,
				4B3123561DF5BD5100F34FC2 /* Release */,
			);
			defaultConfigurationIsVisible = 0;
			defaultConfigurationName = Release;
		};
		4B3123571DF5BD5100F34FC2 /* Build configuration list for PBXNativeTarget "Gist" */ = {
			isa = XCConfigurationList;
			buildConfigurations = (
				4B3123581DF5BD5100F34FC2 /* Debug */,
				4B3123591DF5BD5100F34FC2 /* Release */,
			);
			defaultConfigurationIsVisible = 0;
			defaultConfigurationName = Release;
		};
/* End XCConfigurationList section */
	};
	rootObject = 4B31233B1DF5BD5000F34FC2 /* Project object */;
}
